
Microsoft Visual Studio Solution File, Format Version 12.00
# Visual Studio Version 17
VisualStudioVersion = 17.1.32421.90
MinimumVisualStudioVersion = 10.0.40219.1
Project("{FAE04EC0-301F-11D3-BF4B-00C04F79EFBC}") = "sic-cms", "sic-cms\sic-cms.csproj", "{8B884B83-B8A1-48B5-9847-33BDA5A00D8A}"
EndProject
Global
	GlobalSection(SolutionConfigurationPlatforms) = preSolution
		Debug|Any CPU = Debug|Any CPU
		Release|Any CPU = Release|Any CPU
	EndGlobalSection
	GlobalSection(ProjectConfigurationPlatforms) = postSolution
		{8B884B83-B8A1-48B5-9847-33BDA5A00D8A}.Debug|Any CPU.ActiveCfg = Debug|Any CPU
		{8B884B83-B8A1-48B5-9847-33BDA5A00D8A}.Debug|Any CPU.Build.0 = Debug|Any CPU
		{8B884B83-B8A1-48B5-9847-33BDA5A00D8A}.Release|Any CPU.ActiveCfg = Release|Any CPU
		{8B884B83-B8A1-48B5-9847-33BDA5A00D8A}.Release|Any CPU.Build.0 = Release|Any CPU
	EndGlobalSection
	GlobalSection(SolutionProperties) = preSolution
		HideSolutionNode = FALSE
	EndGlobalSection
	GlobalSection(ExtensibilityGlobals) = postSolution
		SolutionGuid = {7DE689C2-5ED1-4880-BF72-162137695DAA}
	EndGlobalSection
EndGlobal
